// !$*UTF8*$!
{
	archiveVersion = 1;
	classes = {
	};
	objectVersion = 77;
	objects = {

/* Begin PBXContainerItemProxy section */
		3197DBA42E1452CC00792B43 /* PBXContainerItemProxy */ = {
			isa = PBXContainerItemProxy;
			containerPortal = 3197DB8D2E1452CA00792B43 /* Project object */;
			proxyType = 1;
			remoteGlobalIDString = 3197DB942E1452CA00792B43;
			remoteInfo = ScreenshotApp;
		};
		3197DBAE2E1452CC00792B43 /* PBXContainerItemProxy */ = {
			isa = PBXContainerItemProxy;
			containerPortal = 3197DB8D2E1452CA00792B43 /* Project object */;
			proxyType = 1;
			remoteGlobalIDString = 3197DB942E1452CA00792B43;
			remoteInfo = ScreenshotApp;
		};
/* End PBXContainerItemProxy section */

/* Begin PBXFileReference section */
		3197DB952E1452CA00792B43 /* ScreenshotApp.app */ = {isa = PBXFileReference; explicitFileType = wrapper.application; includeInIndex = 0; path = ScreenshotApp.app; sourceTree = BUILT_PRODUCTS_DIR; };
		3197DBA32E1452CC00792B43 /* ScreenshotAppTests.xctest */ = {isa = PBXFileReference; explicitFileType = wrapper.cfbundle; includeInIndex = 0; path = ScreenshotAppTests.xctest; sourceTree = BUILT_PRODUCTS_DIR; };
		3197DBAD2E1452CC00792B43 /* ScreenshotAppUITests.xctest */ = {isa = PBXFileReference; explicitFileType = wrapper.cfbundle; includeInIndex = 0; path = ScreenshotAppUITests.xctest; sourceTree = BUILT_PRODUCTS_DIR; };
/* End PBXFileReference section */

/* Begin PBXFileSystemSynchronizedRootGroup section */
		3197DB972E1452CA00792B43 /* ScreenshotApp */ = {
			isa = PBXFileSystemSynchronizedRootGroup;
			path = ScreenshotApp;
			sourceTree = "<group>";
		};
		3197DBA62E1452CC00792B43 /* ScreenshotAppTests */ = {
			isa = PBXFileSystemSynchronizedRootGroup;
			path = ScreenshotAppTests;
			sourceTree = "<group>";
		};
		3197DBB02E1452CC00792B43 /* ScreenshotAppUITests */ = {
			isa = PBXFileSystemSynchronizedRootGroup;
			path = ScreenshotAppUITests;
			sourceTree = "<group>";
		};
/* End PBXFileSystemSynchronizedRootGroup section */

/* Begin PBXFrameworksBuildPhase section */
		3197DB922E1452CA00792B43 /* Frameworks */ = {
			isa = PBXFrameworksBuildPhase;
			buildActionMask = 2147483647;
			files = (
			);
			runOnlyForDeploymentPostprocessing = 0;
		};
		3197DBA02E1452CC00792B43 /* Frameworks */ = {
			isa = PBXFrameworksBuildPhase;
			buildActionMask = 2147483647;
			files = (
			);
			runOnlyForDeploymentPostprocessing = 0;
		};
		3197DBAA2E1452CC00792B43 /* Frameworks */ = {
			isa = PBXFrameworksBuildPhase;
			buildActionMask = 2147483647;
			files = (
			);
			runOnlyForDeploymentPostprocessing = 0;
		};
/* End PBXFrameworksBuildPhase section */

/* Begin PBXGroup section */
		3197DB8C2E1452CA00792B43 = {
			isa = PBXGroup;
			children = (
				3197DB972E1452CA00792B43 /* ScreenshotApp */,
				3197DBA62E1452CC00792B43 /* ScreenshotAppTests */,
				3197DBB02E1452CC00792B43 /* ScreenshotAppUITests */,
				3197DB962E1452CA00792B43 /* Products */,
			);
			sourceTree = "<group>";
		};
		3197DB962E1452CA00792B43 /* Products */ = {
			isa = PBXGroup;
			children = (
				3197DB952E1452CA00792B43 /* ScreenshotApp.app */,
				3197DBA32E1452CC00792B43 /* ScreenshotAppTests.xctest */,
				3197DBAD2E1452CC00792B43 /* ScreenshotAppUITests.xctest */,
			);
			name = Products;
			sourceTree = "<group>";
		};
/* End PBXGroup section */

/* Begin PBXNativeTarget section */
		3197DB942E1452CA00792B43 /* ScreenshotApp */ = {
			isa = PBXNativeTarget;
			buildConfigurationList = 3197DBB72E1452CC00792B43 /* Build configuration list for PBXNativeTarget "ScreenshotApp" */;
			buildPhases = (
				3197DB912E1452CA00792B43 /* Sources */,
				3197DB922E1452CA00792B43 /* Frameworks */,
				3197DB932E1452CA00792B43 /* Resources */,
			);
			buildRules = (
			);
			dependencies = (
			);
			fileSystemSynchronizedGroups = (
				3197DB972E1452CA00792B43 /* ScreenshotApp */,
			);
			name = ScreenshotApp;
			packageProductDependencies = (
			);
			productName = ScreenshotApp;
			productReference = 3197DB952E1452CA00792B43 /* ScreenshotApp.app */;
			productType = "com.apple.product-type.application";
		};
		3197DBA22E1452CC00792B43 /* ScreenshotAppTests */ = {
			isa = PBXNativeTarget;
			buildConfigurationList = 3197DBBA2E1452CC00792B43 /* Build configuration list for PBXNativeTarget "ScreenshotAppTests" */;
			buildPhases = (
				3197DB9F2E1452CC00792B43 /* Sources */,
				3197DBA02E1452CC00792B43 /* Frameworks */,
				3197DBA12E1452CC00792B43 /* Resources */,
			);
			buildRules = (
			);
			dependencies = (
				3197DBA52E1452CC00792B43 /* PBXTargetDependency */,
			);
			fileSystemSynchronizedGroups = (
				3197DBA62E1452CC00792B43 /* ScreenshotAppTests */,
			);
			name = ScreenshotAppTests;
			packageProductDependencies = (
			);
			productName = ScreenshotAppTests;
			productReference = 3197DBA32E1452CC00792B43 /* ScreenshotAppTests.xctest */;
			productType = "com.apple.product-type.bundle.unit-test";
		};
		3197DBAC2E1452CC00792B43 /* ScreenshotAppUITests */ = {
			isa = PBXNativeTarget;
			buildConfigurationList = 3197DBBD2E1452CC00792B43 /* Build configuration list for PBXNativeTarget "ScreenshotAppUITests" */;
			buildPhases = (
				3197DBA92E1452CC00792B43 /* Sources */,
				3197DBAA2E1452CC00792B43 /* Frameworks */,
				3197DBAB2E1452CC00792B43 /* Resources */,
			);
			buildRules = (
			);
			dependencies = (
				3197DBAF2E1452CC00792B43 /* PBXTargetDependency */,
			);
			fileSystemSynchronizedGroups = (
				3197DBB02E1452CC00792B43 /* ScreenshotAppUITests */,
			);
			name = ScreenshotAppUITests;
			packageProductDependencies = (
			);
			productName = ScreenshotAppUITests;
			productReference = 3197DBAD2E1452CC00792B43 /* ScreenshotAppUITests.xctest */;
			productType = "com.apple.product-type.bundle.ui-testing";
		};
/* End PBXNativeTarget section */

/* Begin PBXProject section */
		3197DB8D2E1452CA00792B43 /* Project object */ = {
			isa = PBXProject;
			attributes = {
				BuildIndependentTargetsInParallel = 1;
				LastSwiftUpdateCheck = 1630;
				LastUpgradeCheck = 1630;
				TargetAttributes = {
					3197DB942E1452CA00792B43 = {
						CreatedOnToolsVersion = 16.3;
					};
					3197DBA22E1452CC00792B43 = {
						CreatedOnToolsVersion = 16.3;
						TestTargetID = 3197DB942E1452CA00792B43;
					};
					3197DBAC2E1452CC00792B43 = {
						CreatedOnToolsVersion = 16.3;
						TestTargetID = 3197DB942E1452CA00792B43;
					};
				};
			};
			buildConfigurationList = 3197DB902E1452CA00792B43 /* Build configuration list for PBXProject "ScreenshotApp" */;
			developmentRegion = en;
			hasScannedForEncodings = 0;
			knownRegions = (
				en,
				Base,
			);
			mainGroup = 3197DB8C2E1452CA00792B43;
			minimizedProjectReferenceProxies = 1;
			preferredProjectObjectVersion = 77;
			productRefGroup = 3197DB962E1452CA00792B43 /* Products */;
			projectDirPath = "";
			projectRoot = "";
			targets = (
				3197DB942E1452CA00792B43 /* ScreenshotApp */,
				3197DBA22E1452CC00792B43 /* ScreenshotAppTests */,
				3197DBAC2E1452CC00792B43 /* ScreenshotAppUITests */,
			);
		};
/* End PBXProject section */

/* Begin PBXResourcesBuildPhase section */
		3197DB932E1452CA00792B43 /* Resources */ = {
			isa = PBXResourcesBuildPhase;
			buildActionMask = 2147483647;
			files = (
			);
			runOnlyForDeploymentPostprocessing = 0;
		};
		3197DBA12E1452CC00792B43 /* Resources */ = {
			isa = PBXResourcesBuildPhase;
			buildActionMask = 2147483647;
			files = (
			);
			runOnlyForDeploymentPostprocessing = 0;
		};
		3197DBAB2E1452CC00792B43 /* Resources */ = {
			isa = PBXResourcesBuildPhase;
			buildActionMask = 2147483647;
			files = (
			);
			runOnlyForDeploymentPostprocessing = 0;
		};
/* End PBXResourcesBuildPhase section */

/* Begin PBXSourcesBuildPhase section */
		3197DB912E1452CA00792B43 /* Sources */ = {
			isa = PBXSourcesBuildPhase;
			buildActionMask = 2147483647;
			files = (
			);
			runOnlyForDeploymentPostprocessing = 0;
		};
		3197DB9F2E1452CC00792B43 /* Sources */ = {
			isa = PBXSourcesBuildPhase;
			buildActionMask = 2147483647;
			files = (
			);
			runOnlyForDeploymentPostprocessing = 0;
		};
		3197DBA92E1452CC00792B43 /* Sources */ = {
			isa = PBXSourcesBuildPhase;
			buildActionMask = 2147483647;
			files = (
			);
			runOnlyForDeploymentPostprocessing = 0;
		};
/* End PBXSourcesBuildPhase section */

/* Begin PBXTargetDependency section */
		3197DBA52E1452CC00792B43 /* PBXTargetDependency */ = {
			isa = PBXTargetDependency;
			target = 3197DB942E1452CA00792B43 /* ScreenshotApp */;
			targetProxy = 3197DBA42E1452CC00792B43 /* PBXContainerItemProxy */;
		};
		3197DBAF2E1452CC00792B43 /* PBXTargetDependency */ = {
			isa = PBXTargetDependency;
			target = 3197DB942E1452CA00792B43 /* ScreenshotApp */;
			targetProxy = 3197DBAE2E1452CC00792B43 /* PBXContainerItemProxy */;
		};
/* End PBXTargetDependency section */

/* Begin XCBuildConfiguration section */
		3197DBB52E1452CC00792B43 /* Debug */ = {
			isa = XCBuildConfiguration;
			buildSettings = {
				ALWAYS_SEARCH_USER_PATHS = NO;
				ASSETCATALOG_COMPILER_GENERATE_SWIFT_ASSET_SYMBOL_EXTENSIONS = YES;
				CLANG_ANALYZER_NONNULL = YES;
				CLANG_ANALYZER_NUMBER_OBJECT_CONVERSION = YES_AGGRESSIVE;
				CLANG_CXX_LANGUAGE_STANDARD = "gnu++20";
				CLANG_ENABLE_MODULES = YES;
				CLANG_ENABLE_OBJC_ARC = YES;
				CLANG_ENABLE_OBJC_WEAK = YES;
				CLANG_WARN_BLOCK_CAPTURE_AUTORELEASING = YES;
				CLANG_WARN_BOOL_CONVERSION = YES;
				CLANG_WARN_COMMA = YES;
				CLANG_WARN_CONSTANT_CONVERSION = YES;
				CLANG_WARN_DEPRECATED_OBJC_IMPLEMENTATIONS = YES;
				CLANG_WARN_DIRECT_OBJC_ISA_USAGE = YES_ERROR;
				CLANG_WARN_DOCUMENTATION_COMMENTS = YES;
				CLANG_WARN_EMPTY_BODY = YES;
				CLANG_WARN_ENUM_CONVERSION = YES;
				CLANG_WARN_INFINITE_RECURSION = YES;
				CLANG_WARN_INT_CONVERSION = YES;
				CLANG_WARN_NON_LITERAL_NULL_CONVERSION = YES;
				CLANG_WARN_OBJC_IMPLICIT_RETAIN_SELF = YES;
				CLANG_WARN_OBJC_LITERAL_CONVERSION = YES;
				CLANG_WARN_OBJC_ROOT_CLASS = YES_ERROR;
				CLANG_WARN_QUOTED_INCLUDE_IN_FRAMEWORK_HEADER = YES;
				CLANG_WARN_RANGE_LOOP_ANALYSIS = YES;
				CLANG_WARN_STRICT_PROTOTYPES = YES;
				CLANG_WARN_SUSPICIOUS_MOVE = YES;
				CLANG_WARN_UNGUARDED_AVAILABILITY = YES_AGGRESSIVE;
				CLANG_WARN_UNREACHABLE_CODE = YES;
				CLANG_WARN__DUPLICATE_METHOD_MATCH = YES;
				COPY_PHASE_STRIP = NO;
				DEBUG_INFORMATION_FORMAT = dwarf;
				ENABLE_STRICT_OBJC_MSGSEND = YES;
				ENABLE_TESTABILITY = YES;
				ENABLE_USER_SCRIPT_SANDBOXING = YES;
				GCC_C_LANGUAGE_STANDARD = gnu17;
				GCC_DYNAMIC_NO_PIC = NO;
				GCC_NO_COMMON_BLOCKS = YES;
				GCC_OPTIMIZATION_LEVEL = 0;
				GCC_PREPROCESSOR_DEFINITIONS = (
					"DEBUG=1",
					"$(inherited)",
				);
				GCC_WARN_64_TO_32_BIT_CONVERSION = YES;
				GCC_WARN_ABOUT_RETURN_TYPE = YES_ERROR;
				GCC_WARN_UNDECLARED_SELECTOR = YES;
				GCC_WARN_UNINITIALIZED_AUTOS = YES_AGGRESSIVE;
				GCC_WARN_UNUSED_FUNCTION = YES;
				GCC_WARN_UNUSED_VARIABLE = YES;
				LOCALIZATION_PREFERS_STRING_CATALOGS = YES;
				MACOSX_DEPLOYMENT_TARGET = 15.4;
				MTL_ENABLE_DEBUG_INFO = INCLUDE_SOURCE;
				MTL_FAST_MATH = YES;
				ONLY_ACTIVE_ARCH = YES;
				SDKROOT = macosx;
				SWIFT_ACTIVE_COMPILATION_CONDITIONS = "DEBUG $(inherited)";
				SWIFT_OPTIMIZATION_LEVEL = "-Onone";
			};
			name = Debug;
		};
		3197DBB62E1452CC00792B43 /* Release */ = {
			isa = XCBuildConfiguration;
			buildSettings = {
				ALWAYS_SEARCH_USER_PATHS = NO;
				ASSETCATALOG_COMPILER_GENERATE_SWIFT_ASSET_SYMBOL_EXTENSIONS = YES;
				CLANG_ANALYZER_NONNULL = YES;
				CLANG_ANALYZER_NUMBER_OBJECT_CONVERSION = YES_AGGRESSIVE;
				CLANG_CXX_LANGUAGE_STANDARD = "gnu++20";
				CLANG_ENABLE_MODULES = YES;
				CLANG_ENABLE_OBJC_ARC = YES;
				CLANG_ENABLE_OBJC_WEAK = YES;
				CLANG_WARN_BLOCK_CAPTURE_AUTORELEASING = YES;
				CLANG_WARN_BOOL_CONVERSION = YES;
				CLANG_WARN_COMMA = YES;
				CLANG_WARN_CONSTANT_CONVERSION = YES;
				CLANG_WARN_DEPRECATED_OBJC_IMPLEMENTATIONS = YES;
				CLANG_WARN_DIRECT_OBJC_ISA_USAGE = YES_ERROR;
				CLANG_WARN_DOCUMENTATION_COMMENTS = YES;
				CLANG_WARN_EMPTY_BODY = YES;
				CLANG_WARN_ENUM_CONVERSION = YES;
				CLANG_WARN_INFINITE_RECURSION = YES;
				CLANG_WARN_INT_CONVERSION = YES;
				CLANG_WARN_NON_LITERAL_NULL_CONVERSION = YES;
				CLANG_WARN_OBJC_IMPLICIT_RETAIN_SELF = YES;
				CLANG_WARN_OBJC_LITERAL_CONVERSION = YES;
				CLANG_WARN_OBJC_ROOT_CLASS = YES_ERROR;
				CLANG_WARN_QUOTED_INCLUDE_IN_FRAMEWORK_HEADER = YES;
				CLANG_WARN_RANGE_LOOP_ANALYSIS = YES;
				CLANG_WARN_STRICT_PROTOTYPES = YES;
				CLANG_WARN_SUSPICIOUS_MOVE = YES;
				CLANG_WARN_UNGUARDED_AVAILABILITY = YES_AGGRESSIVE;
				CLANG_WARN_UNREACHABLE_CODE = YES;
				CLANG_WARN__DUPLICATE_METHOD_MATCH = YES;
				COPY_PHASE_STRIP = NO;
				DEBUG_INFORMATION_FORMAT = "dwarf-with-dsym";
				ENABLE_NS_ASSERTIONS = NO;
				ENABLE_STRICT_OBJC_MSGSEND = YES;
				ENABLE_USER_SCRIPT_SANDBOXING = YES;
				GCC_C_LANGUAGE_STANDARD = gnu17;
				GCC_NO_COMMON_BLOCKS = YES;
				GCC_WARN_64_TO_32_BIT_CONVERSION = YES;
				GCC_WARN_ABOUT_RETURN_TYPE = YES_ERROR;
				GCC_WARN_UNDECLARED_SELECTOR = YES;
				GCC_WARN_UNINITIALIZED_AUTOS = YES_AGGRESSIVE;
				GCC_WARN_UNUSED_FUNCTION = YES;
				GCC_WARN_UNUSED_VARIABLE = YES;
				LOCALIZATION_PREFERS_STRING_CATALOGS = YES;
				MACOSX_DEPLOYMENT_TARGET = 15.4;
				MTL_ENABLE_DEBUG_INFO = NO;
				MTL_FAST_MATH = YES;
				SDKROOT = macosx;
				SWIFT_COMPILATION_MODE = wholemodule;
			};
			name = Release;
		};
		3197DBB82E1452CC00792B43 /* Debug */ = {
			isa = XCBuildConfiguration;
			buildSettings = {
				ASSETCATALOG_COMPILER_APPICON_NAME = AppIcon;
				ASSETCATALOG_COMPILER_GLOBAL_ACCENT_COLOR_NAME = AccentColor;
				CODE_SIGN_ENTITLEMENTS = ScreenshotApp/ScreenshotApp.entitlements;
				CODE_SIGN_STYLE = Automatic;
				COMBINE_HIDPI_IMAGES = YES;
				CURRENT_PROJECT_VERSION = 1;
				ENABLE_PREVIEWS = YES;
				GENERATE_INFOPLIST_FILE = YES;
				INFOPLIST_KEY_NSHumanReadableCopyright = "";
				LD_RUNPATH_SEARCH_PATHS = (
					"$(inherited)",
					"@executable_path/../Frameworks",
				);
				MARKETING_VERSION = 1.0;
				PRODUCT_BUNDLE_IDENTIFIER = "gu-lcan.ScreenshotApp";
				PRODUCT_NAME = "$(TARGET_NAME)";
				REGISTER_APP_GROUPS = YES;
				SWIFT_EMIT_LOC_STRINGS = YES;
				SWIFT_VERSION = 5.0;
			};
			name = Debug;
		};
		3197DBB92E1452CC00792B43 /* Release */ = {
			isa = XCBuildConfiguration;
			buildSettings = {
				ASSETCATALOG_COMPILER_APPICON_NAME = AppIcon;
				ASSETCATALOG_COMPILER_GLOBAL_ACCENT_COLOR_NAME = AccentColor;
				CODE_SIGN_ENTITLEMENTS = ScreenshotApp/ScreenshotApp.entitlements;
				CODE_SIGN_STYLE = Automatic;
				COMBINE_HIDPI_IMAGES = YES;
				CURRENT_PROJECT_VERSION = 1;
				ENABLE_PREVIEWS = YES;
				GENERATE_INFOPLIST_FILE = YES;
				INFOPLIST_KEY_NSHumanReadableCopyright = "";
				LD_RUNPATH_SEARCH_PATHS = (
					"$(inherited)",
					"@executable_path/../Frameworks",
				);
				MARKETING_VERSION = 1.0;
				PRODUCT_BUNDLE_IDENTIFIER = "gu-lcan.ScreenshotApp";
				PRODUCT_NAME = "$(TARGET_NAME)";
				REGISTER_APP_GROUPS = YES;
				SWIFT_EMIT_LOC_STRINGS = YES;
				SWIFT_VERSION = 5.0;
			};
			name = Release;
		};
		3197DBBB2E1452CC00792B43 /* Debug */ = {
			isa = XCBuildConfiguration;
			buildSettings = {
				BUNDLE_LOADER = "$(TEST_HOST)";
				CODE_SIGN_STYLE = Automatic;
				CURRENT_PROJECT_VERSION = 1;
				GENERATE_INFOPLIST_FILE = YES;
				MACOSX_DEPLOYMENT_TARGET = 15.4;
				MARKETING_VERSION = 1.0;
				PRODUCT_BUNDLE_IDENTIFIER = "gu-lcan.ScreenshotAppTests";
				PRODUCT_NAME = "$(TARGET_NAME)";
				SWIFT_EMIT_LOC_STRINGS = NO;
				SWIFT_VERSION = 5.0;
				TEST_HOST = "$(BUILT_PRODUCTS_DIR)/ScreenshotApp.app/$(BUNDLE_EXECUTABLE_FOLDER_PATH)/ScreenshotApp";
			};
			name = Debug;
		};
		3197DBBC2E1452CC00792B43 /* Release */ = {
			isa = XCBuildConfiguration;
			buildSettings = {
				BUNDLE_LOADER = "$(TEST_HOST)";
				CODE_SIGN_STYLE = Automatic;
				CURRENT_PROJECT_VERSION = 1;
				GENERATE_INFOPLIST_FILE = YES;
				MACOSX_DEPLOYMENT_TARGET = 15.4;
				MARKETING_VERSION = 1.0;
				PRODUCT_BUNDLE_IDENTIFIER = "gu-lcan.ScreenshotAppTests";
				PRODUCT_NAME = "$(TARGET_NAME)";
				SWIFT_EMIT_LOC_STRINGS = NO;
				SWIFT_VERSION = 5.0;
				TEST_HOST = "$(BUILT_PRODUCTS_DIR)/ScreenshotApp.app/$(BUNDLE_EXECUTABLE_FOLDER_PATH)/ScreenshotApp";
			};
			name = Release;
		};
		3197DBBE2E1452CC00792B43 /* Debug */ = {
			isa = XCBuildConfiguration;
			buildSettings = {
				CODE_SIGN_STYLE = Automatic;
				CURRENT_PROJECT_VERSION = 1;
				GENERATE_INFOPLIST_FILE = YES;
				MARKETING_VERSION = 1.0;
				PRODUCT_BUNDLE_IDENTIFIER = "gu-lcan.ScreenshotAppUITests";
				PRODUCT_NAME = "$(TARGET_NAME)";
				SWIFT_EMIT_LOC_STRINGS = NO;
				SWIFT_VERSION = 5.0;
				TEST_TARGET_NAME = ScreenshotApp;
			};
			name = Debug;
		};
		3197DBBF2E1452CC00792B43 /* Release */ = {
			isa = XCBuildConfiguration;
			buildSettings = {
				CODE_SIGN_STYLE = Automatic;
				CURRENT_PROJECT_VERSION = 1;
				GENERATE_INFOPLIST_FILE = YES;
				MARKETING_VERSION = 1.0;
				PRODUCT_BUNDLE_IDENTIFIER = "gu-lcan.ScreenshotAppUITests";
				PRODUCT_NAME = "$(TARGET_NAME)";
				SWIFT_EMIT_LOC_STRINGS = NO;
				SWIFT_VERSION = 5.0;
				TEST_TARGET_NAME = ScreenshotApp;
			};
			name = Release;
		};
/* End XCBuildConfiguration section */

/* Begin XCConfigurationList section */
		3197DB902E1452CA00792B43 /* Build configuration list for PBXProject "ScreenshotApp" */ = {
			isa = XCConfigurationList;
			buildConfigurations = (
				3197DBB52E1452CC00792B43 /* Debug */,
				3197DBB62E1452CC00792B43 /* Release */,
			);
			defaultConfigurationIsVisible = 0;
			defaultConfigurationName = Release;
		};
		3197DBB72E1452CC00792B43 /* Build configuration list for PBXNativeTarget "ScreenshotApp" */ = {
			isa = XCConfigurationList;
			buildConfigurations = (
				3197DBB82E1452CC00792B43 /* Debug */,
				3197DBB92E1452CC00792B43 /* Release */,
			);
			defaultConfigurationIsVisible = 0;
			defaultConfigurationName = Release;
		};
		3197DBBA2E1452CC00792B43 /* Build configuration list for PBXNativeTarget "ScreenshotAppTests" */ = {
			isa = XCConfigurationList;
			buildConfigurations = (
				3197DBBB2E1452CC00792B43 /* Debug */,
				3197DBBC2E1452CC00792B43 /* Release */,
			);
			defaultConfigurationIsVisible = 0;
			defaultConfigurationName = Release;
		};
		3197DBBD2E1452CC00792B43 /* Build configuration list for PBXNativeTarget "ScreenshotAppUITests" */ = {
			isa = XCConfigurationList;
			buildConfigurations = (
				3197DBBE2E1452CC00792B43 /* Debug */,
				3197DBBF2E1452CC00792B43 /* Release */,
			);
			defaultConfigurationIsVisible = 0;
			defaultConfigurationName = Release;
		};
/* End XCConfigurationList section */
	};
	rootObject = 3197DB8D2E1452CA00792B43 /* Project object */;
}
